{
  "name": "relock-npm-lock-v2-y8HnRc",
  "lockfileVersion": 3,
  "requires": true,
  "packages": {
    "": {
      "dependencies": {
        "i": "^0.3.7",
        "npm": "^11.6.1",
        "react-geocode": "^0.2.3"
      }
    },
    "node_modules/i": {
      "version": "0.3.7",
      "resolved": "https://registry.npmjs.org/i/-/i-0.3.7.tgz",
      "integrity": "sha512-FYz4wlXgkQwIPqhzC5TdNMLSE5+GS1IIDJZY/1ZiEPCT2S3COUVZeT5OW4BmW4r5LHLQuOosSwsvnroG9GR59Q==",
      "engines": {
        "node": ">=0.4"
      }
    },
    "node_modules/npm": {
      "version": "11.6.1",
      "resolved": "https://registry.npmjs.org/npm/-/npm-11.6.1.tgz",
      "integrity": "sha512-7iDSHDoup6uMQJ37yWrhfqcbMhF0UEfGRap6Nv+aKQcrIJXlCi2cKbj75WBmiHlcwsQCy/U0zEwDZdAx6H/Vaw==",
      "bundleDependencies": [
        "@isaacs/string-locale-compare",
        "@npmcli/arborist",
        "@npmcli/config",
        "@npmcli/fs",
        "@npmcli/map-workspaces",
        "@npmcli/package-json",
        "@npmcli/promise-spawn",
        "@npmcli/redact",
        "@npmcli/run-script",
        "@sigstore/tuf",
        "abbrev",
        "archy",
        "cacache",
        "chalk",
        "ci-info",
        "cli-columns",
        "fastest-levenshtein",
        "fs-minipass",
        "glob",
        "graceful-fs",
        "hosted-git-info",
        "ini",
        "init-package-json",
        "is-cidr",
        "json-parse-even-better-errors",
        "libnpmaccess",
        "libnpmdiff",
        "libnpmexec",
        "libnpmfund",
        "libnpmorg",
        "libnpmpack",
        "libnpmpublish",
        "libnpmsearch",
        "libnpmteam",
        "libnpmversion",
        "make-fetch-happen",
        "minimatch",
        "minipass",
        "minipass-pipeline",
        "ms",
        "node-gyp",
        "nopt",
        "normalize-package-data",
        "npm-audit-report",
        "npm-install-checks",
        "npm-package-arg",
        "npm-pick-manifest",
        "npm-profile",
        "npm-registry-fetch",
        "npm-user-validate",
        "p-map",
        "pacote",
        "parse-conflict-json",
        "proc-log",
        "qrcode-terminal",
        "read",
        "semver",
        "spdx-expression-parse",
        "ssri",
        "supports-color",
        "tar",
        "text-table",
        "tiny-relative-date",
        "treeverse",
        "validate-npm-package-name",
        "which"
      ],
      "license": "Artistic-2.0",
      "workspaces": [
        "docs",
        "smoke-tests",
        "mock-globals",
        "mock-registry",
        "workspaces/*"
      ],
      "dependencies": {
        "@isaacs/string-locale-compare": "^1.1.0",
        "@npmcli/arborist": "^9.1.5",
        "@npmcli/config": "^10.4.1",
        "@npmcli/fs": "^4.0.0",
        "@npmcli/map-workspaces": "^5.0.0",
        "@npmcli/package-json": "^7.0.1",
        "@npmcli/promise-spawn": "^8.0.3",
        "@npmcli/redact": "^3.2.2",
        "@npmcli/run-script": "^10.0.0",
        "@sigstore/tuf": "^4.0.0",
        "abbrev": "^3.0.1",
        "archy": "~1.0.0",
        "cacache": "^20.0.1",
        "chalk": "^5.6.2",
        "ci-info": "^4.3.0",
        "cli-columns": "^4.0.0",
        "fastest-levenshtein": "^1.0.16",
        "fs-minipass": "^3.0.3",
        "glob": "^11.0.3",
        "graceful-fs": "^4.2.11",
        "hosted-git-info": "^9.0.0",
        "ini": "^5.0.0",
        "init-package-json": "^8.2.2",
        "is-cidr": "^6.0.0",
        "json-parse-even-better-errors": "^4.0.0",
        "libnpmaccess": "^10.0.2",
        "libnpmdiff": "^8.0.8",
        "libnpmexec": "^10.1.7",
        "libnpmfund": "^7.0.8",
        "libnpmorg": "^8.0.1",
        "libnpmpack": "^9.0.8",
        "libnpmpublish": "^11.1.1",
        "libnpmsearch": "^9.0.1",
        "libnpmteam": "^8.0.2",
        "libnpmversion": "^8.0.2",
        "make-fetch-happen": "^15.0.2",
        "minimatch": "^10.0.3",
        "minipass": "^7.1.1",
        "minipass-pipeline": "^1.2.4",
        "ms": "^2.1.2",
        "node-gyp": "^11.4.2",
        "nopt": "^8.1.0",
        "normalize-package-data": "^8.0.0",
        "npm-audit-report": "^6.0.0",
        "npm-install-checks": "^7.1.2",
        "npm-package-arg": "^13.0.0",
        "npm-pick-manifest": "^11.0.1",
        "npm-profile": "^12.0.0",
        "npm-registry-fetch": "^19.0.0",
        "npm-user-validate": "^3.0.0",
        "p-map": "^7.0.3",
        "pacote": "^21.0.3",
        "parse-conflict-json": "^4.0.0",
        "proc-log": "^5.0.0",
        "qrcode-terminal": "^0.12.0",
        "read": "^4.1.0",
        "semver": "^7.7.2",
        "spdx-expression-parse": "^4.0.0",
        "ssri": "^12.0.0",
        "supports-color": "^10.2.2",
        "tar": "^7.5.1",
        "text-table": "~0.2.0",
        "tiny-relative-date": "^2.0.2",
        "treeverse": "^3.0.0",
        "validate-npm-package-name": "^6.0.2",
        "which": "^5.0.0"
      },
      "bin": {
        "npm": "bin/npm-cli.js",
        "npx": "bin/npx-cli.js"
      },
      "engines": {
        "node": "^20.17.0 || >=22.9.0"
      }
    },
    "node_modules/npm/node_modules/ansi-regex": {
      "version": "5.0.1",
      "inBundle": true,
      "license": "MIT",
      "engines": {
        "node": ">=8"
      }
    },
    "node_modules/npm/node_modules/archy": {
      "version": "1.0.0",
      "inBundle": true,
      "license": "MIT"
    },
    "node_modules/npm/node_modules/cli-columns": {
      "version": "4.0.0",
      "inBundle": true,
      "license": "MIT",
      "dependencies": {
        "string-width": "^4.2.3",
        "strip-ansi": "^6.0.1"
      },
      "engines": {
        "node": ">= 10"
      }
    },
    "node_modules/npm/node_modules/emoji-regex": {
      "version": "8.0.0",
      "inBundle": true,
      "license": "MIT"
    },
    "node_modules/npm/node_modules/fastest-levenshtein": {
      "version": "1.0.16",
      "inBundle": true,
      "license": "MIT",
      "engines": {
        "node": ">= 4.9.1"
      }
    },
    "node_modules/npm/node_modules/is-fullwidth-code-point": {
      "version": "3.0.0",
      "inBundle": true,
      "license": "MIT",
      "engines": {
        "node": ">=8"
      }
    },
    "node_modules/npm/node_modules/qrcode-terminal": {
      "version": "0.12.0",
      "inBundle": true,
      "bin": {
        "qrcode-terminal": "bin/qrcode-terminal.js"
      }
    },
    "node_modules/npm/node_modules/string-width": {
      "version": "4.2.3",
      "inBundle": true,
      "license": "MIT",
      "dependencies": {
        "emoji-regex": "^8.0.0",
        "is-fullwidth-code-point": "^3.0.0",
        "strip-ansi": "^6.0.1"
      },
      "engines": {
        "node": ">=8"
      }
    },
    "node_modules/npm/node_modules/strip-ansi": {
      "version": "6.0.1",
      "inBundle": true,
      "license": "MIT",
      "dependencies": {
        "ansi-regex": "^5.0.1"
      },
      "engines": {
        "node": ">=8"
      }
    },
    "node_modules/npm/node_modules/text-table": {
      "version": "0.2.0",
      "inBundle": true,
      "license": "MIT"
    },
    "node_modules/react-geocode": {
      "version": "0.2.3",
      "resolved": "https://registry.npmjs.org/react-geocode/-/react-geocode-0.2.3.tgz",
      "integrity": "sha512-sIpbgmn1IUzAxO4haOZ6jeeFnMD8ya9PC38yiNrmJ9vPWbvAO2D/2yfCBzZjGZVUm4PRzKAc0KghXfaEnug0TQ==",
      "dependencies": {
        "regenerator-runtime": "^0.13.3"
      }
    },
    "node_modules/regenerator-runtime": {
      "version": "0.13.11",
      "resolved": "https://registry.npmjs.org/regenerator-runtime/-/regenerator-runtime-0.13.11.tgz",
      "integrity": "sha512-kY1AZVr2Ra+t+piVaJ4gxaFaReZVH40AKNo7UCX6W+dEwBo/2oZJzqfuN1qLq1oL45o56cPaTXELwrTh8Fpggg=="
    }
  }
}
